
Microsoft Visual Studio Solution File, Format Version 12.00
# Visual Studio Version 17
VisualStudioVersion = 17.14.36408.4
MinimumVisualStudioVersion = 10.0.40219.1
Project("{FAE04EC0-301F-11D3-BF4B-00C04F79EFBC}") = "WorkManagementSystem", "WorkManagementSystem.csproj", "{542DAB5C-B254-4725-B2FB-9AFB45689610}"
EndProject
Project("{FAE04EC0-301F-11D3-BF4B-00C04F79EFBC}") = "WorkManagementSystem.Tests", "WorkManagementSystem.Tests\WorkManagementSystem.Tests.csproj", "{9B47C3D2-A755-469D-893E-1113ADA32CCC}"
EndProject
Global
	GlobalSection(SolutionConfigurationPlatforms) = preSolution
		Debug|Any CPU = Debug|Any CPU
		Debug|x64 = Debug|x64
		Debug|x86 = Debug|x86
		Release|Any CPU = Release|Any CPU
		Release|x64 = Release|x64
		Release|x86 = Release|x86
	EndGlobalSection
	GlobalSection(ProjectConfigurationPlatforms) = postSolution
		{542DAB5C-B254-4725-B2FB-9AFB45689610}.Debug|Any CPU.ActiveCfg = Debug|Any CPU
		{542DAB5C-B254-4725-B2FB-9AFB45689610}.Debug|Any CPU.Build.0 = Debug|Any CPU
		{542DAB5C-B254-4725-B2FB-9AFB45689610}.Debug|x64.ActiveCfg = Debug|Any CPU
		{542DAB5C-B254-4725-B2FB-9AFB45689610}.Debug|x64.Build.0 = Debug|Any CPU
		{542DAB5C-B254-4725-B2FB-9AFB45689610}.Debug|x86.ActiveCfg = Debug|Any CPU
		{542DAB5C-B254-4725-B2FB-9AFB45689610}.Debug|x86.Build.0 = Debug|Any CPU
		{542DAB5C-B254-4725-B2FB-9AFB45689610}.Release|Any CPU.ActiveCfg = Release|Any CPU
		{542DAB5C-B254-4725-B2FB-9AFB45689610}.Release|Any CPU.Build.0 = Release|Any CPU
		{542DAB5C-B254-4725-B2FB-9AFB45689610}.Release|x64.ActiveCfg = Release|Any CPU
		{542DAB5C-B254-4725-B2FB-9AFB45689610}.Release|x64.Build.0 = Release|Any CPU
		{542DAB5C-B254-4725-B2FB-9AFB45689610}.Release|x86.ActiveCfg = Release|Any CPU
		{542DAB5C-B254-4725-B2FB-9AFB45689610}.Release|x86.Build.0 = Release|Any CPU
		{9B47C3D2-A755-469D-893E-1113ADA32CCC}.Debug|Any CPU.ActiveCfg = Debug|Any CPU
		{9B47C3D2-A755-469D-893E-1113ADA32CCC}.Debug|Any CPU.Build.0 = Debug|Any CPU
		{9B47C3D2-A755-469D-893E-1113ADA32CCC}.Debug|x64.ActiveCfg = Debug|Any CPU
		{9B47C3D2-A755-469D-893E-1113ADA32CCC}.Debug|x64.Build.0 = Debug|Any CPU
		{9B47C3D2-A755-469D-893E-1113ADA32CCC}.Debug|x86.ActiveCfg = Debug|Any CPU
		{9B47C3D2-A755-469D-893E-1113ADA32CCC}.Debug|x86.Build.0 = Debug|Any CPU
		{9B47C3D2-A755-469D-893E-1113ADA32CCC}.Release|Any CPU.ActiveCfg = Release|Any CPU
		{9B47C3D2-A755-469D-893E-1113ADA32CCC}.Release|Any CPU.Build.0 = Release|Any CPU
		{9B47C3D2-A755-469D-893E-1113ADA32CCC}.Release|x64.ActiveCfg = Release|Any CPU
		{9B47C3D2-A755-469D-893E-1113ADA32CCC}.Release|x64.Build.0 = Release|Any CPU
		{9B47C3D2-A755-469D-893E-1113ADA32CCC}.Release|x86.ActiveCfg = Release|Any CPU
		{9B47C3D2-A755-469D-893E-1113ADA32CCC}.Release|x86.Build.0 = Release|Any CPU
	EndGlobalSection
	GlobalSection(SolutionProperties) = preSolution
		HideSolutionNode = FALSE
	EndGlobalSection
	GlobalSection(ExtensibilityGlobals) = postSolution
		SolutionGuid = {B341BD40-F828-4E96-9533-F10663C0EDC9}
	EndGlobalSection
EndGlobal
